
Microsoft Visual Studio Solution File, Format Version 12.00
# Visual Studio Version 17
VisualStudioVersion = 17.3.32922.545
MinimumVisualStudioVersion = 10.0.40219.1
Project("{FAE04EC0-301F-11D3-BF4B-00C04F79EFBC}") = "DataAccess", "DataAccess\DataAccess.csproj", "{91D973DA-6AC6-47AC-928B-2363DDC62D16}"
EndProject
Project("{FAE04EC0-301F-11D3-BF4B-00C04F79EFBC}") = "Business", "Business\Business.csproj", "{162762D8-B017-45E9-9CB1-8915E5037A94}"
EndProject
Project("{FAE04EC0-301F-11D3-BF4B-00C04F79EFBC}") = "ConsoleUI", "ConsoleUI\ConsoleUI.csproj", "{D957D6E6-D6C3-4FBB-9FEC-195423F12B31}"
EndProject
Project("{FAE04EC0-301F-11D3-BF4B-00C04F79EFBC}") = "Entities", "Entities\Entities.csproj", "{63B00564-B89D-4852-95E1-558F8C6395CB}"
EndProject
Global
	GlobalSection(SolutionConfigurationPlatforms) = preSolution
		Debug|Any CPU = Debug|Any CPU
		Release|Any CPU = Release|Any CPU
	EndGlobalSection
	GlobalSection(ProjectConfigurationPlatforms) = postSolution
		{91D973DA-6AC6-47AC-928B-2363DDC62D16}.Debug|Any CPU.ActiveCfg = Debug|Any CPU
		{91D973DA-6AC6-47AC-928B-2363DDC62D16}.Debug|Any CPU.Build.0 = Debug|Any CPU
		{91D973DA-6AC6-47AC-928B-2363DDC62D16}.Release|Any CPU.ActiveCfg = Release|Any CPU
		{91D973DA-6AC6-47AC-928B-2363DDC62D16}.Release|Any CPU.Build.0 = Release|Any CPU
		{162762D8-B017-45E9-9CB1-8915E5037A94}.Debug|Any CPU.ActiveCfg = Debug|Any CPU
		{162762D8-B017-45E9-9CB1-8915E5037A94}.Debug|Any CPU.Build.0 = Debug|Any CPU
		{162762D8-B017-45E9-9CB1-8915E5037A94}.Release|Any CPU.ActiveCfg = Release|Any CPU
		{162762D8-B017-45E9-9CB1-8915E5037A94}.Release|Any CPU.Build.0 = Release|Any CPU
		{D957D6E6-D6C3-4FBB-9FEC-195423F12B31}.Debug|Any CPU.ActiveCfg = Debug|Any CPU
		{D957D6E6-D6C3-4FBB-9FEC-195423F12B31}.Debug|Any CPU.Build.0 = Debug|Any CPU
		{D957D6E6-D6C3-4FBB-9FEC-195423F12B31}.Release|Any CPU.ActiveCfg = Release|Any CPU
		{D957D6E6-D6C3-4FBB-9FEC-195423F12B31}.Release|Any CPU.Build.0 = Release|Any CPU
		{63B00564-B89D-4852-95E1-558F8C6395CB}.Debug|Any CPU.ActiveCfg = Debug|Any CPU
		{63B00564-B89D-4852-95E1-558F8C6395CB}.Debug|Any CPU.Build.0 = Debug|Any CPU
		{63B00564-B89D-4852-95E1-558F8C6395CB}.Release|Any CPU.ActiveCfg = Release|Any CPU
		{63B00564-B89D-4852-95E1-558F8C6395CB}.Release|Any CPU.Build.0 = Release|Any CPU
	EndGlobalSection
	GlobalSection(SolutionProperties) = preSolution
		HideSolutionNode = FALSE
	EndGlobalSection
	GlobalSection(ExtensibilityGlobals) = postSolution
		SolutionGuid = {DB655DBD-43F2-4D23-BCDB-03737A52970A}
	EndGlobalSection
EndGlobal
